
Microsoft Visual Studio Solution File, Format Version 12.00
# Visual Studio Version 17
VisualStudioVersion = 17.13.35825.156 d17.13
MinimumVisualStudioVersion = 10.0.40219.1
Project("{FAE04EC0-301F-11D3-BF4B-00C04F79EFBC}") = "C_Sharp_OOP", "C_Sharp_OOP\C_Sharp_OOP.csproj", "{3FB98274-DC3E-403A-9963-F5BF70F3C12D}"
EndProject
Global
	GlobalSection(SolutionConfigurationPlatforms) = preSolution
		Debug|Any CPU = Debug|Any CPU
		Release|Any CPU = Release|Any CPU
	EndGlobalSection
	GlobalSection(ProjectConfigurationPlatforms) = postSolution
		{3FB98274-DC3E-403A-9963-F5BF70F3C12D}.Debug|Any CPU.ActiveCfg = Debug|Any CPU
		{3FB98274-DC3E-403A-9963-F5BF70F3C12D}.Debug|Any CPU.Build.0 = Debug|Any CPU
		{3FB98274-DC3E-403A-9963-F5BF70F3C12D}.Release|Any CPU.ActiveCfg = Release|Any CPU
		{3FB98274-DC3E-403A-9963-F5BF70F3C12D}.Release|Any CPU.Build.0 = Release|Any CPU
	EndGlobalSection
	GlobalSection(SolutionProperties) = preSolution
		HideSolutionNode = FALSE
	EndGlobalSection
	GlobalSection(ExtensibilityGlobals) = postSolution
		SolutionGuid = {78AB8C2E-8F08-40EB-BF61-18F574139609}
	EndGlobalSection
EndGlobal
